// !$*UTF8*$!
{
	archiveVersion = 1;
	classes = {
	};
	objectVersion = 48;
	objects = {

/* Begin PBXBuildFile section */
		F25094201FEDEFC6004C299C /* AppDelegate.swift in Sources */ = {isa = PBXBuildFile; fileRef = F250941F1FEDEFC6004C299C /* AppDelegate.swift */; };
		F25094221FEDEFC6004C299C /* ViewController.swift in Sources */ = {isa = PBXBuildFile; fileRef = F25094211FEDEFC6004C299C /* ViewController.swift */; };
		F25094251FEDEFC6004C299C /* Main.storyboard in Resources */ = {isa = PBXBuildFile; fileRef = F25094231FEDEFC6004C299C /* Main.storyboard */; };
		F25094271FEDEFC6004C299C /* Assets.xcassets in Resources */ = {isa = PBXBuildFile; fileRef = F25094261FEDEFC6004C299C /* Assets.xcassets */; };
		F250942A1FEDEFC6004C299C /* LaunchScreen.storyboard in Resources */ = {isa = PBXBuildFile; fileRef = F25094281FEDEFC6004C299C /* LaunchScreen.storyboard */; };
		F25094341FEDF537004C299C /* DivinationCell.xib in Resources */ = {isa = PBXBuildFile; fileRef = F25094331FEDF537004C299C /* DivinationCell.xib */; };
		F25094361FEDFA63004C299C /* DivinationViewController.swift in Sources */ = {isa = PBXBuildFile; fileRef = F25094351FEDFA63004C299C /* DivinationViewController.swift */; };
		F25094381FEDFC11004C299C /* APIs.swift in Sources */ = {isa = PBXBuildFile; fileRef = F25094371FEDFC11004C299C /* APIs.swift */; };
		F250943A1FEDFD38004C299C /* DivinationResponseItem.swift in Sources */ = {isa = PBXBuildFile; fileRef = F25094391FEDFD38004C299C /* DivinationResponseItem.swift */; };
		F250943E1FEDFE8E004C299C /* Sign.swift in Sources */ = {isa = PBXBuildFile; fileRef = F250943D1FEDFE8E004C299C /* Sign.swift */; };
		F25094401FEE0F44004C299C /* APIRequestHelper.swift in Sources */ = {isa = PBXBuildFile; fileRef = F250943F1FEE0F44004C299C /* APIRequestHelper.swift */; };
		F25094421FEE0F6E004C299C /* APIProtocols.swift in Sources */ = {isa = PBXBuildFile; fileRef = F25094411FEE0F6E004C299C /* APIProtocols.swift */; };
		F25094461FEE1322004C299C /* Alamofire.framework in Frameworks */ = {isa = PBXBuildFile; fileRef = F25094441FEE1322004C299C /* Alamofire.framework */; };
		F25094471FEE1322004C299C /* SwiftyJSON.framework in Frameworks */ = {isa = PBXBuildFile; fileRef = F25094451FEE1322004C299C /* SwiftyJSON.framework */; };
		F27B36191FEE23CA008EEAEE /* ObjectMapper.framework in Frameworks */ = {isa = PBXBuildFile; fileRef = F27B36181FEE23CA008EEAEE /* ObjectMapper.framework */; };
		F27B361B1FEE5941008EEAEE /* DivinationLogic.swift in Sources */ = {isa = PBXBuildFile; fileRef = F27B361A1FEE5941008EEAEE /* DivinationLogic.swift */; };
		F27B361D1FEE61C4008EEAEE /* DivinationCell.swift in Sources */ = {isa = PBXBuildFile; fileRef = F27B361C1FEE61C4008EEAEE /* DivinationCell.swift */; };
		F27B361F1FEE6B4D008EEAEE /* DetailDivinationView.xib in Resources */ = {isa = PBXBuildFile; fileRef = F27B361E1FEE6B4D008EEAEE /* DetailDivinationView.xib */; };
		F27B36211FEE7CC6008EEAEE /* Divination5StepEvaluationView.swift in Sources */ = {isa = PBXBuildFile; fileRef = F27B36201FEE7CC6008EEAEE /* Divination5StepEvaluationView.swift */; };
		F27B36231FEE7F5F008EEAEE /* DetailDivinationView.swift in Sources */ = {isa = PBXBuildFile; fileRef = F27B36221FEE7F5F008EEAEE /* DetailDivinationView.swift */; };
		F27B36251FEE8236008EEAEE /* DetailDivinationViewController.swift in Sources */ = {isa = PBXBuildFile; fileRef = F27B36241FEE8236008EEAEE /* DetailDivinationViewController.swift */; };
/* End PBXBuildFile section */

/* Begin PBXFileReference section */
		F250941C1FEDEFC6004C299C /* LifeToolApp.app */ = {isa = PBXFileReference; explicitFileType = wrapper.application; includeInIndex = 0; path = LifeToolApp.app; sourceTree = BUILT_PRODUCTS_DIR; };
		F250941F1FEDEFC6004C299C /* AppDelegate.swift */ = {isa = PBXFileReference; lastKnownFileType = sourcecode.swift; path = AppDelegate.swift; sourceTree = "<group>"; };
		F25094211FEDEFC6004C299C /* ViewController.swift */ = {isa = PBXFileReference; lastKnownFileType = sourcecode.swift; path = ViewController.swift; sourceTree = "<group>"; };
		F25094241FEDEFC6004C299C /* Base */ = {isa = PBXFileReference; lastKnownFileType = file.storyboard; name = Base; path = Base.lproj/Main.storyboard; sourceTree = "<group>"; };
		F25094261FEDEFC6004C299C /* Assets.xcassets */ = {isa = PBXFileReference; lastKnownFileType = folder.assetcatalog; path = Assets.xcassets; sourceTree = "<group>"; };
		F25094291FEDEFC6004C299C /* Base */ = {isa = PBXFileReference; lastKnownFileType = file.storyboard; name = Base; path = Base.lproj/LaunchScreen.storyboard; sourceTree = "<group>"; };
		F250942B1FEDEFC6004C299C /* Info.plist */ = {isa = PBXFileReference; lastKnownFileType = text.plist.xml; path = Info.plist; sourceTree = "<group>"; };
		F25094331FEDF537004C299C /* DivinationCell.xib */ = {isa = PBXFileReference; lastKnownFileType = file.xib; path = DivinationCell.xib; sourceTree = "<group>"; };
		F25094351FEDFA63004C299C /* DivinationViewController.swift */ = {isa = PBXFileReference; lastKnownFileType = sourcecode.swift; path = DivinationViewController.swift; sourceTree = "<group>"; };
		F25094371FEDFC11004C299C /* APIs.swift */ = {isa = PBXFileReference; lastKnownFileType = sourcecode.swift; path = APIs.swift; sourceTree = "<group>"; };
		F25094391FEDFD38004C299C /* DivinationResponseItem.swift */ = {isa = PBXFileReference; lastKnownFileType = sourcecode.swift; path = DivinationResponseItem.swift; sourceTree = "<group>"; };
		F250943D1FEDFE8E004C299C /* Sign.swift */ = {isa = PBXFileReference; lastKnownFileType = sourcecode.swift; path = Sign.swift; sourceTree = "<group>"; };
		F250943F1FEE0F44004C299C /* APIRequestHelper.swift */ = {isa = PBXFileReference; lastKnownFileType = sourcecode.swift; path = APIRequestHelper.swift; sourceTree = "<group>"; };
		F25094411FEE0F6E004C299C /* APIProtocols.swift */ = {isa = PBXFileReference; lastKnownFileType = sourcecode.swift; path = APIProtocols.swift; sourceTree = "<group>"; };
		F25094441FEE1322004C299C /* Alamofire.framework */ = {isa = PBXFileReference; lastKnownFileType = wrapper.framework; name = Alamofire.framework; path = Carthage/Build/iOS/Alamofire.framework; sourceTree = "<group>"; };
		F25094451FEE1322004C299C /* SwiftyJSON.framework */ = {isa = PBXFileReference; lastKnownFileType = wrapper.framework; name = SwiftyJSON.framework; path = Carthage/Build/iOS/SwiftyJSON.framework; sourceTree = "<group>"; };
		F27B36181FEE23CA008EEAEE /* ObjectMapper.framework */ = {isa = PBXFileReference; lastKnownFileType = wrapper.framework; name = ObjectMapper.framework; path = Carthage/Build/iOS/ObjectMapper.framework; sourceTree = "<group>"; };
		F27B361A1FEE5941008EEAEE /* DivinationLogic.swift */ = {isa = PBXFileReference; lastKnownFileType = sourcecode.swift; path = DivinationLogic.swift; sourceTree = "<group>"; };
		F27B361C1FEE61C4008EEAEE /* DivinationCell.swift */ = {isa = PBXFileReference; lastKnownFileType = sourcecode.swift; path = DivinationCell.swift; sourceTree = "<group>"; };
		F27B361E1FEE6B4D008EEAEE /* DetailDivinationView.xib */ = {isa = PBXFileReference; lastKnownFileType = file.xib; path = DetailDivinationView.xib; sourceTree = "<group>"; };
		F27B36201FEE7CC6008EEAEE /* Divination5StepEvaluationView.swift */ = {isa = PBXFileReference; lastKnownFileType = sourcecode.swift; path = Divination5StepEvaluationView.swift; sourceTree = "<group>"; };
		F27B36221FEE7F5F008EEAEE /* DetailDivinationView.swift */ = {isa = PBXFileReference; lastKnownFileType = sourcecode.swift; path = DetailDivinationView.swift; sourceTree = "<group>"; };
		F27B36241FEE8236008EEAEE /* DetailDivinationViewController.swift */ = {isa = PBXFileReference; lastKnownFileType = sourcecode.swift; path = DetailDivinationViewController.swift; sourceTree = "<group>"; };
		F27B36261FEF5A16008EEAEE /* CoreLocation.framework */ = {isa = PBXFileReference; lastKnownFileType = wrapper.framework; name = CoreLocation.framework; path = System/Library/Frameworks/CoreLocation.framework; sourceTree = SDKROOT; };
/* End PBXFileReference section */

/* Begin PBXFrameworksBuildPhase section */
		F25094191FEDEFC6004C299C /* Frameworks */ = {
			isa = PBXFrameworksBuildPhase;
			buildActionMask = 2147483647;
			files = (
				F27B36191FEE23CA008EEAEE /* ObjectMapper.framework in Frameworks */,
				F25094461FEE1322004C299C /* Alamofire.framework in Frameworks */,
				F25094471FEE1322004C299C /* SwiftyJSON.framework in Frameworks */,
			);
			runOnlyForDeploymentPostprocessing = 0;
		};
/* End PBXFrameworksBuildPhase section */

/* Begin PBXGroup section */
		F25094131FEDEFC6004C299C = {
			isa = PBXGroup;
			children = (
				F250941E1FEDEFC6004C299C /* LifeToolApp */,
				F250941D1FEDEFC6004C299C /* Products */,
				F25094431FEE1321004C299C /* Frameworks */,
			);
			sourceTree = "<group>";
		};
		F250941D1FEDEFC6004C299C /* Products */ = {
			isa = PBXGroup;
			children = (
				F250941C1FEDEFC6004C299C /* LifeToolApp.app */,
			);
			name = Products;
			sourceTree = "<group>";
		};
		F250941E1FEDEFC6004C299C /* LifeToolApp */ = {
			isa = PBXGroup;
			children = (
				F27B36281FEF5AD1008EEAEE /* View */,
				F27B36291FEF5AE1008EEAEE /* Model */,
				F250941F1FEDEFC6004C299C /* AppDelegate.swift */,
				F25094211FEDEFC6004C299C /* ViewController.swift */,
				F250942B1FEDEFC6004C299C /* Info.plist */,
			);
			path = LifeToolApp;
			sourceTree = "<group>";
		};
		F25094431FEE1321004C299C /* Frameworks */ = {
			isa = PBXGroup;
			children = (
				F27B36261FEF5A16008EEAEE /* CoreLocation.framework */,
				F27B36181FEE23CA008EEAEE /* ObjectMapper.framework */,
				F25094441FEE1322004C299C /* Alamofire.framework */,
				F25094451FEE1322004C299C /* SwiftyJSON.framework */,
			);
			name = Frameworks;
			sourceTree = "<group>";
		};
		F27B36271FEF5ABD008EEAEE /* Divination */ = {
			isa = PBXGroup;
			children = (
				F27B36241FEE8236008EEAEE /* DetailDivinationViewController.swift */,
				F27B36201FEE7CC6008EEAEE /* Divination5StepEvaluationView.swift */,
				F27B361E1FEE6B4D008EEAEE /* DetailDivinationView.xib */,
				F27B36221FEE7F5F008EEAEE /* DetailDivinationView.swift */,
				F25094351FEDFA63004C299C /* DivinationViewController.swift */,
				F25094331FEDF537004C299C /* DivinationCell.xib */,
				F27B361C1FEE61C4008EEAEE /* DivinationCell.swift */,
			);
			path = Divination;
			sourceTree = "<group>";
		};
		F27B36281FEF5AD1008EEAEE /* View */ = {
			isa = PBXGroup;
			children = (
				F25094231FEDEFC6004C299C /* Main.storyboard */,
				F25094261FEDEFC6004C299C /* Assets.xcassets */,
				F25094281FEDEFC6004C299C /* LaunchScreen.storyboard */,
				F27B36271FEF5ABD008EEAEE /* Divination */,
			);
			path = View;
			sourceTree = "<group>";
		};
		F27B36291FEF5AE1008EEAEE /* Model */ = {
			isa = PBXGroup;
			children = (
				F27B362B1FEF5B19008EEAEE /* Divination */,
				F27B362A1FEF5B0A008EEAEE /* API */,
			);
			path = Model;
			sourceTree = "<group>";
		};
		F27B362A1FEF5B0A008EEAEE /* API */ = {
			isa = PBXGroup;
			children = (
				F25094371FEDFC11004C299C /* APIs.swift */,
				F25094411FEE0F6E004C299C /* APIProtocols.swift */,
				F250943F1FEE0F44004C299C /* APIRequestHelper.swift */,
			);
			path = API;
			sourceTree = "<group>";
		};
		F27B362B1FEF5B19008EEAEE /* Divination */ = {
			isa = PBXGroup;
			children = (
				F27B361A1FEE5941008EEAEE /* DivinationLogic.swift */,
				F250943D1FEDFE8E004C299C /* Sign.swift */,
				F25094391FEDFD38004C299C /* DivinationResponseItem.swift */,
			);
			path = Divination;
			sourceTree = "<group>";
		};
/* End PBXGroup section */

/* Begin PBXNativeTarget section */
		F250941B1FEDEFC6004C299C /* LifeToolApp */ = {
			isa = PBXNativeTarget;
			buildConfigurationList = F250942E1FEDEFC6004C299C /* Build configuration list for PBXNativeTarget "LifeToolApp" */;
			buildPhases = (
				F25094181FEDEFC6004C299C /* Sources */,
				F25094191FEDEFC6004C299C /* Frameworks */,
				F250941A1FEDEFC6004C299C /* Resources */,
				F25094481FEE132F004C299C /* ShellScript */,
			);
			buildRules = (
			);
			dependencies = (
			);
			name = LifeToolApp;
			productName = LifeToolApp;
			productReference = F250941C1FEDEFC6004C299C /* LifeToolApp.app */;
			productType = "com.apple.product-type.application";
		};
/* End PBXNativeTarget section */

/* Begin PBXProject section */
		F25094141FEDEFC6004C299C /* Project object */ = {
			isa = PBXProject;
			attributes = {
				LastSwiftUpdateCheck = 0910;
				LastUpgradeCheck = 0910;
				ORGANIZATIONNAME = sena.kanda;
				TargetAttributes = {
					F250941B1FEDEFC6004C299C = {
						CreatedOnToolsVersion = 9.1;
						ProvisioningStyle = Automatic;
					};
				};
			};
			buildConfigurationList = F25094171FEDEFC6004C299C /* Build configuration list for PBXProject "LifeToolApp" */;
			compatibilityVersion = "Xcode 8.0";
			developmentRegion = en;
			hasScannedForEncodings = 0;
			knownRegions = (
				en,
				Base,
			);
			mainGroup = F25094131FEDEFC6004C299C;
			productRefGroup = F250941D1FEDEFC6004C299C /* Products */;
			projectDirPath = "";
			projectRoot = "";
			targets = (
				F250941B1FEDEFC6004C299C /* LifeToolApp */,
			);
		};
/* End PBXProject section */

/* Begin PBXResourcesBuildPhase section */
		F250941A1FEDEFC6004C299C /* Resources */ = {
			isa = PBXResourcesBuildPhase;
			buildActionMask = 2147483647;
			files = (
				F25094341FEDF537004C299C /* DivinationCell.xib in Resources */,
				F27B361F1FEE6B4D008EEAEE /* DetailDivinationView.xib in Resources */,
				F250942A1FEDEFC6004C299C /* LaunchScreen.storyboard in Resources */,
				F25094271FEDEFC6004C299C /* Assets.xcassets in Resources */,
				F25094251FEDEFC6004C299C /* Main.storyboard in Resources */,
			);
			runOnlyForDeploymentPostprocessing = 0;
		};
/* End PBXResourcesBuildPhase section */

/* Begin PBXShellScriptBuildPhase section */
		F25094481FEE132F004C299C /* ShellScript */ = {
			isa = PBXShellScriptBuildPhase;
			buildActionMask = 2147483647;
			files = (
			);
			inputPaths = (
				"$(SRCROOT)/Carthage/Build/iOS/Alamofire.framework",
				"$(SRCROOT)/Carthage/Build/iOS/SwiftyJSON.framework",
				"$(SRCROOT)/Carthage/Build/iOS/ObjectMapper.framework",
			);
			outputPaths = (
			);
			runOnlyForDeploymentPostprocessing = 0;
			shellPath = /bin/sh;
			shellScript = "/usr/local/bin/carthage copy-frameworks";
		};
/* End PBXShellScriptBuildPhase section */

/* Begin PBXSourcesBuildPhase section */
		F25094181FEDEFC6004C299C /* Sources */ = {
			isa = PBXSourcesBuildPhase;
			buildActionMask = 2147483647;
			files = (
				F27B36251FEE8236008EEAEE /* DetailDivinationViewController.swift in Sources */,
				F25094381FEDFC11004C299C /* APIs.swift in Sources */,
				F250943E1FEDFE8E004C299C /* Sign.swift in Sources */,
				F27B361D1FEE61C4008EEAEE /* DivinationCell.swift in Sources */,
				F27B361B1FEE5941008EEAEE /* DivinationLogic.swift in Sources */,
				F25094421FEE0F6E004C299C /* APIProtocols.swift in Sources */,
				F25094221FEDEFC6004C299C /* ViewController.swift in Sources */,
				F27B36211FEE7CC6008EEAEE /* Divination5StepEvaluationView.swift in Sources */,
				F25094401FEE0F44004C299C /* APIRequestHelper.swift in Sources */,
				F27B36231FEE7F5F008EEAEE /* DetailDivinationView.swift in Sources */,
				F250943A1FEDFD38004C299C /* DivinationResponseItem.swift in Sources */,
				F25094361FEDFA63004C299C /* DivinationViewController.swift in Sources */,
				F25094201FEDEFC6004C299C /* AppDelegate.swift in Sources */,
			);
			runOnlyForDeploymentPostprocessing = 0;
		};
/* End PBXSourcesBuildPhase section */

/* Begin PBXVariantGroup section */
		F25094231FEDEFC6004C299C /* Main.storyboard */ = {
			isa = PBXVariantGroup;
			children = (
				F25094241FEDEFC6004C299C /* Base */,
			);
			name = Main.storyboard;
			sourceTree = "<group>";
		};
		F25094281FEDEFC6004C299C /* LaunchScreen.storyboard */ = {
			isa = PBXVariantGroup;
			children = (
				F25094291FEDEFC6004C299C /* Base */,
			);
			name = LaunchScreen.storyboard;
			sourceTree = "<group>";
		};
/* End PBXVariantGroup section */

/* Begin XCBuildConfiguration section */
		F250942C1FEDEFC6004C299C /* Debug */ = {
			isa = XCBuildConfiguration;
			buildSettings = {
				ALWAYS_SEARCH_USER_PATHS = NO;
				CLANG_ANALYZER_NONNULL = YES;
				CLANG_ANALYZER_NUMBER_OBJECT_CONVERSION = YES_AGGRESSIVE;
				CLANG_CXX_LANGUAGE_STANDARD = "gnu++14";
				CLANG_CXX_LIBRARY = "libc++";
				CLANG_ENABLE_MODULES = YES;
				CLANG_ENABLE_OBJC_ARC = YES;
				CLANG_WARN_BLOCK_CAPTURE_AUTORELEASING = YES;
				CLANG_WARN_BOOL_CONVERSION = YES;
				CLANG_WARN_COMMA = YES;
				CLANG_WARN_CONSTANT_CONVERSION = YES;
				CLANG_WARN_DIRECT_OBJC_ISA_USAGE = YES_ERROR;
				CLANG_WARN_DOCUMENTATION_COMMENTS = YES;
				CLANG_WARN_EMPTY_BODY = YES;
				CLANG_WARN_ENUM_CONVERSION = YES;
				CLANG_WARN_INFINITE_RECURSION = YES;
				CLANG_WARN_INT_CONVERSION = YES;
				CLANG_WARN_NON_LITERAL_NULL_CONVERSION = YES;
				CLANG_WARN_OBJC_LITERAL_CONVERSION = YES;
				CLANG_WARN_OBJC_ROOT_CLASS = YES_ERROR;
				CLANG_WARN_RANGE_LOOP_ANALYSIS = YES;
				CLANG_WARN_STRICT_PROTOTYPES = YES;
				CLANG_WARN_SUSPICIOUS_MOVE = YES;
				CLANG_WARN_UNGUARDED_AVAILABILITY = YES_AGGRESSIVE;
				CLANG_WARN_UNREACHABLE_CODE = YES;
				CLANG_WARN__DUPLICATE_METHOD_MATCH = YES;
				CODE_SIGN_IDENTITY = "iPhone Developer";
				COPY_PHASE_STRIP = NO;
				DEBUG_INFORMATION_FORMAT = dwarf;
				ENABLE_STRICT_OBJC_MSGSEND = YES;
				ENABLE_TESTABILITY = YES;
				GCC_C_LANGUAGE_STANDARD = gnu11;
				GCC_DYNAMIC_NO_PIC = NO;
				GCC_NO_COMMON_BLOCKS = YES;
				GCC_OPTIMIZATION_LEVEL = 0;
				GCC_PREPROCESSOR_DEFINITIONS = (
					"DEBUG=1",
					"$(inherited)",
				);
				GCC_WARN_64_TO_32_BIT_CONVERSION = YES;
				GCC_WARN_ABOUT_RETURN_TYPE = YES_ERROR;
				GCC_WARN_UNDECLARED_SELECTOR = YES;
				GCC_WARN_UNINITIALIZED_AUTOS = YES_AGGRESSIVE;
				GCC_WARN_UNUSED_FUNCTION = YES;
				GCC_WARN_UNUSED_VARIABLE = YES;
				IPHONEOS_DEPLOYMENT_TARGET = 11.1;
				MTL_ENABLE_DEBUG_INFO = YES;
				ONLY_ACTIVE_ARCH = YES;
				SDKROOT = iphoneos;
				SWIFT_ACTIVE_COMPILATION_CONDITIONS = DEBUG;
				SWIFT_OPTIMIZATION_LEVEL = "-Onone";
			};
			name = Debug;
		};
		F250942D1FEDEFC6004C299C /* Release */ = {
			isa = XCBuildConfiguration;
			buildSettings = {
				ALWAYS_SEARCH_USER_PATHS = NO;
				CLANG_ANALYZER_NONNULL = YES;
				CLANG_ANALYZER_NUMBER_OBJECT_CONVERSION = YES_AGGRESSIVE;
				CLANG_CXX_LANGUAGE_STANDARD = "gnu++14";
				CLANG_CXX_LIBRARY = "libc++";
				CLANG_ENABLE_MODULES = YES;
				CLANG_ENABLE_OBJC_ARC = YES;
				CLANG_WARN_BLOCK_CAPTURE_AUTORELEASING = YES;
				CLANG_WARN_BOOL_CONVERSION = YES;
				CLANG_WARN_COMMA = YES;
				CLANG_WARN_CONSTANT_CONVERSION = YES;
				CLANG_WARN_DIRECT_OBJC_ISA_USAGE = YES_ERROR;
				CLANG_WARN_DOCUMENTATION_COMMENTS = YES;
				CLANG_WARN_EMPTY_BODY = YES;
				CLANG_WARN_ENUM_CONVERSION = YES;
				CLANG_WARN_INFINITE_RECURSION = YES;
				CLANG_WARN_INT_CONVERSION = YES;
				CLANG_WARN_NON_LITERAL_NULL_CONVERSION = YES;
				CLANG_WARN_OBJC_LITERAL_CONVERSION = YES;
				CLANG_WARN_OBJC_ROOT_CLASS = YES_ERROR;
				CLANG_WARN_RANGE_LOOP_ANALYSIS = YES;
				CLANG_WARN_STRICT_PROTOTYPES = YES;
				CLANG_WARN_SUSPICIOUS_MOVE = YES;
				CLANG_WARN_UNGUARDED_AVAILABILITY = YES_AGGRESSIVE;
				CLANG_WARN_UNREACHABLE_CODE = YES;
				CLANG_WARN__DUPLICATE_METHOD_MATCH = YES;
				CODE_SIGN_IDENTITY = "iPhone Developer";
				COPY_PHASE_STRIP = NO;
				DEBUG_INFORMATION_FORMAT = "dwarf-with-dsym";
				ENABLE_NS_ASSERTIONS = NO;
				ENABLE_STRICT_OBJC_MSGSEND = YES;
				GCC_C_LANGUAGE_STANDARD = gnu11;
				GCC_NO_COMMON_BLOCKS = YES;
				GCC_WARN_64_TO_32_BIT_CONVERSION = YES;
				GCC_WARN_ABOUT_RETURN_TYPE = YES_ERROR;
				GCC_WARN_UNDECLARED_SELECTOR = YES;
				GCC_WARN_UNINITIALIZED_AUTOS = YES_AGGRESSIVE;
				GCC_WARN_UNUSED_FUNCTION = YES;
				GCC_WARN_UNUSED_VARIABLE = YES;
				IPHONEOS_DEPLOYMENT_TARGET = 11.1;
				MTL_ENABLE_DEBUG_INFO = NO;
				SDKROOT = iphoneos;
				SWIFT_OPTIMIZATION_LEVEL = "-Owholemodule";
				VALIDATE_PRODUCT = YES;
			};
			name = Release;
		};
		F250942F1FEDEFC6004C299C /* Debug */ = {
			isa = XCBuildConfiguration;
			buildSettings = {
				ASSETCATALOG_COMPILER_APPICON_NAME = AppIcon;
				CODE_SIGN_STYLE = Automatic;
				DEVELOPMENT_TEAM = W3GN4JB29B;
				FRAMEWORK_SEARCH_PATHS = (
					"$(inherited)",
					"$(PROJECT_DIR)/Carthage/Build/iOS",
				);
				INFOPLIST_FILE = LifeToolApp/Info.plist;
				LD_RUNPATH_SEARCH_PATHS = "$(inherited) @executable_path/Frameworks";
				PRODUCT_BUNDLE_IDENTIFIER = com.senakanda.LifeToolApp;
				PRODUCT_NAME = "$(TARGET_NAME)";
				SWIFT_VERSION = 4.0;
				TARGETED_DEVICE_FAMILY = "1,2";
			};
			name = Debug;
		};
		F25094301FEDEFC6004C299C /* Release */ = {
			isa = XCBuildConfiguration;
			buildSettings = {
				ASSETCATALOG_COMPILER_APPICON_NAME = AppIcon;
				CODE_SIGN_STYLE = Automatic;
				DEVELOPMENT_TEAM = W3GN4JB29B;
				FRAMEWORK_SEARCH_PATHS = (
					"$(inherited)",
					"$(PROJECT_DIR)/Carthage/Build/iOS",
				);
				INFOPLIST_FILE = LifeToolApp/Info.plist;
				LD_RUNPATH_SEARCH_PATHS = "$(inherited) @executable_path/Frameworks";
				PRODUCT_BUNDLE_IDENTIFIER = com.senakanda.LifeToolApp;
				PRODUCT_NAME = "$(TARGET_NAME)";
				SWIFT_VERSION = 4.0;
				TARGETED_DEVICE_FAMILY = "1,2";
			};
			name = Release;
		};
/* End XCBuildConfiguration section */

/* Begin XCConfigurationList section */
		F25094171FEDEFC6004C299C /* Build configuration list for PBXProject "LifeToolApp" */ = {
			isa = XCConfigurationList;
			buildConfigurations = (
				F250942C1FEDEFC6004C299C /* Debug */,
				F250942D1FEDEFC6004C299C /* Release */,
			);
			defaultConfigurationIsVisible = 0;
			defaultConfigurationName = Release;
		};
		F250942E1FEDEFC6004C299C /* Build configuration list for PBXNativeTarget "LifeToolApp" */ = {
			isa = XCConfigurationList;
			buildConfigurations = (
				F250942F1FEDEFC6004C299C /* Debug */,
				F25094301FEDEFC6004C299C /* Release */,
			);
			defaultConfigurationIsVisible = 0;
			defaultConfigurationName = Release;
		};
/* End XCConfigurationList section */
	};
	rootObject = F25094141FEDEFC6004C299C /* Project object */;
}
